
Microsoft Visual Studio Solution File, Format Version 12.00
# Visual Studio Version 17
VisualStudioVersion = 17.5.002.0
MinimumVisualStudioVersion = 10.0.40219.1
Project("{9A19103F-16F7-4668-BE54-9A1E7A4F7556}") = "Program13-RoverControlCenter", "Program13-RoverControlCenter.csproj", "{6C920175-0FC8-4E19-8398-E6BA8FFD85A4}"
EndProject
Global
	GlobalSection(SolutionConfigurationPlatforms) = preSolution
		Debug|Any CPU = Debug|Any CPU
		Release|Any CPU = Release|Any CPU
	EndGlobalSection
	GlobalSection(ProjectConfigurationPlatforms) = postSolution
		{6C920175-0FC8-4E19-8398-E6BA8FFD85A4}.Debug|Any CPU.ActiveCfg = Debug|Any CPU
		{6C920175-0FC8-4E19-8398-E6BA8FFD85A4}.Debug|Any CPU.Build.0 = Debug|Any CPU
		{6C920175-0FC8-4E19-8398-E6BA8FFD85A4}.Release|Any CPU.ActiveCfg = Release|Any CPU
		{6C920175-0FC8-4E19-8398-E6BA8FFD85A4}.Release|Any CPU.Build.0 = Release|Any CPU
	EndGlobalSection
	GlobalSection(SolutionProperties) = preSolution
		HideSolutionNode = FALSE
	EndGlobalSection
	GlobalSection(ExtensibilityGlobals) = postSolution
		SolutionGuid = {6F93A53B-BD90-49A1-8F1E-93BE85A57A49}
	EndGlobalSection
EndGlobal
