
Microsoft Visual Studio Solution File, Format Version 12.00
# Visual Studio Version 17
VisualStudioVersion = 17.5.002.0
MinimumVisualStudioVersion = 10.0.40219.1
Project("{9A19103F-16F7-4668-BE54-9A1E7A4F7556}") = "Program6-ArchitectArithmetic", "Program6-ArchitectArithmetic.csproj", "{7E2EBC50-05B8-4D8F-9A39-FFFA724C3856}"
EndProject
Global
	GlobalSection(SolutionConfigurationPlatforms) = preSolution
		Debug|Any CPU = Debug|Any CPU
		Release|Any CPU = Release|Any CPU
	EndGlobalSection
	GlobalSection(ProjectConfigurationPlatforms) = postSolution
		{7E2EBC50-05B8-4D8F-9A39-FFFA724C3856}.Debug|Any CPU.ActiveCfg = Debug|Any CPU
		{7E2EBC50-05B8-4D8F-9A39-FFFA724C3856}.Debug|Any CPU.Build.0 = Debug|Any CPU
		{7E2EBC50-05B8-4D8F-9A39-FFFA724C3856}.Release|Any CPU.ActiveCfg = Release|Any CPU
		{7E2EBC50-05B8-4D8F-9A39-FFFA724C3856}.Release|Any CPU.Build.0 = Release|Any CPU
	EndGlobalSection
	GlobalSection(SolutionProperties) = preSolution
		HideSolutionNode = FALSE
	EndGlobalSection
	GlobalSection(ExtensibilityGlobals) = postSolution
		SolutionGuid = {5FDE08BD-963E-4A54-9E3B-7A8E5A0E2F10}
	EndGlobalSection
EndGlobal
