
Microsoft Visual Studio Solution File, Format Version 12.00
# Visual Studio Version 17
VisualStudioVersion = 17.5.002.0
MinimumVisualStudioVersion = 10.0.40219.1
Project("{9A19103F-16F7-4668-BE54-9A1E7A4F7556}") = "Program1-ConsoleCreature", "Program1-ConsoleCreature.csproj", "{BD373EDB-DC10-414C-A7C6-E794463B010B}"
EndProject
Global
	GlobalSection(SolutionConfigurationPlatforms) = preSolution
		Debug|Any CPU = Debug|Any CPU
		Release|Any CPU = Release|Any CPU
	EndGlobalSection
	GlobalSection(ProjectConfigurationPlatforms) = postSolution
		{BD373EDB-DC10-414C-A7C6-E794463B010B}.Debug|Any CPU.ActiveCfg = Debug|Any CPU
		{BD373EDB-DC10-414C-A7C6-E794463B010B}.Debug|Any CPU.Build.0 = Debug|Any CPU
		{BD373EDB-DC10-414C-A7C6-E794463B010B}.Release|Any CPU.ActiveCfg = Release|Any CPU
		{BD373EDB-DC10-414C-A7C6-E794463B010B}.Release|Any CPU.Build.0 = Release|Any CPU
	EndGlobalSection
	GlobalSection(SolutionProperties) = preSolution
		HideSolutionNode = FALSE
	EndGlobalSection
	GlobalSection(ExtensibilityGlobals) = postSolution
		SolutionGuid = {80DC633A-9404-4529-BACE-C7FF53BA0E9D}
	EndGlobalSection
EndGlobal
