
Microsoft Visual Studio Solution File, Format Version 12.00
# Visual Studio Version 17
VisualStudioVersion = 17.5.002.0
MinimumVisualStudioVersion = 10.0.40219.1
Project("{9A19103F-16F7-4668-BE54-9A1E7A4F7556}") = "Program11-AppInterfaces", "Program11-AppInterfaces.csproj", "{A38A2F6A-0A10-4A68-BB9D-204D3F32F1C6}"
EndProject
Global
	GlobalSection(SolutionConfigurationPlatforms) = preSolution
		Debug|Any CPU = Debug|Any CPU
		Release|Any CPU = Release|Any CPU
	EndGlobalSection
	GlobalSection(ProjectConfigurationPlatforms) = postSolution
		{A38A2F6A-0A10-4A68-BB9D-204D3F32F1C6}.Debug|Any CPU.ActiveCfg = Debug|Any CPU
		{A38A2F6A-0A10-4A68-BB9D-204D3F32F1C6}.Debug|Any CPU.Build.0 = Debug|Any CPU
		{A38A2F6A-0A10-4A68-BB9D-204D3F32F1C6}.Release|Any CPU.ActiveCfg = Release|Any CPU
		{A38A2F6A-0A10-4A68-BB9D-204D3F32F1C6}.Release|Any CPU.Build.0 = Release|Any CPU
	EndGlobalSection
	GlobalSection(SolutionProperties) = preSolution
		HideSolutionNode = FALSE
	EndGlobalSection
	GlobalSection(ExtensibilityGlobals) = postSolution
		SolutionGuid = {4DBF6418-D574-40F3-93D9-B6B6F4ECB748}
	EndGlobalSection
EndGlobal
